
Microsoft Visual Studio Solution File, Format Version 12.00
# Visual Studio Version 17
VisualStudioVersion = 17.14.36616.10
MinimumVisualStudioVersion = 10.0.40219.1
Project("{8BC9CEB8-8B4A-11D0-8D11-00A0C91BC942}") = "Ввод_Вывод", "Ввод_Вывод\Ввод_Вывод.vcxproj", "{16EB09BF-F107-4BDC-9C13-9521690475AF}"
EndProject
Project("{2150E333-8FDC-42A3-9474-1A3956D46DE8}") = "Операции деления", "Операции деления", "{F7CC30BB-67D0-4AE1-A543-3AFA5FF1E374}"
EndProject
Project("{2150E333-8FDC-42A3-9474-1A3956D46DE8}") = "Введение", "Введение", "{7B4E5364-58AE-4686-A3AA-0B6844189F5F}"
EndProject
Project("{8BC9CEB8-8B4A-11D0-8D11-00A0C91BC942}") = "Операции_деления", "Операции_деления\Операции_деления.vcxproj", "{3A232F06-A0E5-4D4E-BA35-E5C1EE2131F8}"
EndProject
Project("{2150E333-8FDC-42A3-9474-1A3956D46DE8}") = "Условные конструкции", "Условные конструкции", "{31734DCE-9BAE-4EDC-A870-0FED74ECD71B}"
EndProject
Project("{8BC9CEB8-8B4A-11D0-8D11-00A0C91BC942}") = "Условные_конструкции", "Условные_конструкции\Условные_конструкции.vcxproj", "{84A41E9F-3499-40F0-9A33-5497A89CCD3D}"
EndProject
Project("{8BC9CEB8-8B4A-11D0-8D11-00A0C91BC942}") = "Условный_оператор_if", "Условный_оператор_if\Условный_оператор_if.vcxproj", "{DEB36366-65E3-4A33-9371-E42260617A26}"
EndProject
Project("{8BC9CEB8-8B4A-11D0-8D11-00A0C91BC942}") = "Секунды", "Секунды\Секунды.vcxproj", "{B1CE7EFA-BF10-49EC-B1DF-1E86690B7A1B}"
EndProject
Project("{8BC9CEB8-8B4A-11D0-8D11-00A0C91BC942}") = "Тернарный_оператор", "Тернарный_оператор\Тернарный_оператор.vcxproj", "{47ECAE1D-61FD-46BC-83BE-70B8BDFF71E1}"
EndProject
Project("{8BC9CEB8-8B4A-11D0-8D11-00A0C91BC942}") = "Отператор_выбора_switch", "Отператор_выбора_switch\Отператор_выбора_switch.vcxproj", "{639F4D4E-31C8-4740-84D7-9DA9FFD5DF6B}"
EndProject
Project("{8BC9CEB8-8B4A-11D0-8D11-00A0C91BC942}") = "Координатная_плоскость", "Координатная_плоскость\Координатная_плоскость.vcxproj", "{D050EC76-EA34-4886-BAF7-270626E1D5E0}"
EndProject
Project("{2150E333-8FDC-42A3-9474-1A3956D46DE8}") = "Циклы", "Циклы", "{E871779D-D25C-4819-856E-03066907F4D8}"
EndProject
Project("{8BC9CEB8-8B4A-11D0-8D11-00A0C91BC942}") = "Цикл_for", "Цикл_for\Цикл_for.vcxproj", "{433627C2-6B11-4E72-946C-4E9A39BA6662}"
EndProject
Project("{2150E333-8FDC-42A3-9474-1A3956D46DE8}") = "Solution Items", "Solution Items", "{02EA681E-C7D8-13C7-8484-4AC65E1B71E8}"
EndProject
Project("{8BC9CEB8-8B4A-11D0-8D11-00A0C91BC942}") = "Факториал", "Факториал\Факториал.vcxproj", "{FAE529BD-A5C0-425A-9F37-423391DDBB3D}"
EndProject
Project("{8BC9CEB8-8B4A-11D0-8D11-00A0C91BC942}") = "Таблица_умножения", "Таблица_умножения\Таблица_умножения.vcxproj", "{9A64CA7B-6F82-4FB4-B230-8703B5C8DC4E}"
EndProject
Project("{8BC9CEB8-8B4A-11D0-8D11-00A0C91BC942}") = "Таблица_Пифагора", "Таблица_Пифагора\Таблица_Пифагора.vcxproj", "{E08C67A1-7629-4382-B804-C4A9EA1F993D}"
EndProject
Project("{8BC9CEB8-8B4A-11D0-8D11-00A0C91BC942}") = "Цикл_while", "Цикл_while\Цикл_while.vcxproj", "{26769721-E7AE-4436-AF08-1B9913BE20F8}"
EndProject
Project("{8BC9CEB8-8B4A-11D0-8D11-00A0C91BC942}") = "Число_прописью", "Число_прописью\Число_прописью.vcxproj", "{591082AC-71EC-41F2-AECB-89B99BE9E73E}"
EndProject
Project("{8BC9CEB8-8B4A-11D0-8D11-00A0C91BC942}") = "Сумма_цифр_числа", "Сумма_цифр_числа\Сумма_цифр_числа.vcxproj", "{FAE76C55-0916-4AA1-B0A2-38E605D7C3BE}"
EndProject
Global
	GlobalSection(SolutionConfigurationPlatforms) = preSolution
		Debug|Win32 = Debug|Win32
		Debug|x64 = Debug|x64
		Release|Win32 = Release|Win32
		Release|x64 = Release|x64
	EndGlobalSection
	GlobalSection(ProjectConfigurationPlatforms) = postSolution
		{16EB09BF-F107-4BDC-9C13-9521690475AF}.Debug|Win32.ActiveCfg = Debug|Win32
		{16EB09BF-F107-4BDC-9C13-9521690475AF}.Debug|Win32.Build.0 = Debug|Win32
		{16EB09BF-F107-4BDC-9C13-9521690475AF}.Debug|x64.ActiveCfg = Debug|x64
		{16EB09BF-F107-4BDC-9C13-9521690475AF}.Debug|x64.Build.0 = Debug|x64
		{16EB09BF-F107-4BDC-9C13-9521690475AF}.Release|Win32.ActiveCfg = Release|Win32
		{16EB09BF-F107-4BDC-9C13-9521690475AF}.Release|Win32.Build.0 = Release|Win32
		{16EB09BF-F107-4BDC-9C13-9521690475AF}.Release|x64.ActiveCfg = Release|x64
		{16EB09BF-F107-4BDC-9C13-9521690475AF}.Release|x64.Build.0 = Release|x64
		{3A232F06-A0E5-4D4E-BA35-E5C1EE2131F8}.Debug|Win32.ActiveCfg = Debug|Win32
		{3A232F06-A0E5-4D4E-BA35-E5C1EE2131F8}.Debug|Win32.Build.0 = Debug|Win32
		{3A232F06-A0E5-4D4E-BA35-E5C1EE2131F8}.Debug|x64.ActiveCfg = Debug|x64
		{3A232F06-A0E5-4D4E-BA35-E5C1EE2131F8}.Debug|x64.Build.0 = Debug|x64
		{3A232F06-A0E5-4D4E-BA35-E5C1EE2131F8}.Release|Win32.ActiveCfg = Release|Win32
		{3A232F06-A0E5-4D4E-BA35-E5C1EE2131F8}.Release|Win32.Build.0 = Release|Win32
		{3A232F06-A0E5-4D4E-BA35-E5C1EE2131F8}.Release|x64.ActiveCfg = Release|x64
		{3A232F06-A0E5-4D4E-BA35-E5C1EE2131F8}.Release|x64.Build.0 = Release|x64
		{84A41E9F-3499-40F0-9A33-5497A89CCD3D}.Debug|Win32.ActiveCfg = Debug|Win32
		{84A41E9F-3499-40F0-9A33-5497A89CCD3D}.Debug|Win32.Build.0 = Debug|Win32
		{84A41E9F-3499-40F0-9A33-5497A89CCD3D}.Debug|x64.ActiveCfg = Debug|x64
		{84A41E9F-3499-40F0-9A33-5497A89CCD3D}.Debug|x64.Build.0 = Debug|x64
		{84A41E9F-3499-40F0-9A33-5497A89CCD3D}.Release|Win32.ActiveCfg = Release|Win32
		{84A41E9F-3499-40F0-9A33-5497A89CCD3D}.Release|Win32.Build.0 = Release|Win32
		{84A41E9F-3499-40F0-9A33-5497A89CCD3D}.Release|x64.ActiveCfg = Release|x64
		{84A41E9F-3499-40F0-9A33-5497A89CCD3D}.Release|x64.Build.0 = Release|x64
		{DEB36366-65E3-4A33-9371-E42260617A26}.Debug|Win32.ActiveCfg = Debug|Win32
		{DEB36366-65E3-4A33-9371-E42260617A26}.Debug|Win32.Build.0 = Debug|Win32
		{DEB36366-65E3-4A33-9371-E42260617A26}.Debug|x64.ActiveCfg = Debug|x64
		{DEB36366-65E3-4A33-9371-E42260617A26}.Debug|x64.Build.0 = Debug|x64
		{DEB36366-65E3-4A33-9371-E42260617A26}.Release|Win32.ActiveCfg = Release|Win32
		{DEB36366-65E3-4A33-9371-E42260617A26}.Release|Win32.Build.0 = Release|Win32
		{DEB36366-65E3-4A33-9371-E42260617A26}.Release|x64.ActiveCfg = Release|x64
		{DEB36366-65E3-4A33-9371-E42260617A26}.Release|x64.Build.0 = Release|x64
		{B1CE7EFA-BF10-49EC-B1DF-1E86690B7A1B}.Debug|Win32.ActiveCfg = Debug|Win32
		{B1CE7EFA-BF10-49EC-B1DF-1E86690B7A1B}.Debug|Win32.Build.0 = Debug|Win32
		{B1CE7EFA-BF10-49EC-B1DF-1E86690B7A1B}.Debug|x64.ActiveCfg = Debug|x64
		{B1CE7EFA-BF10-49EC-B1DF-1E86690B7A1B}.Debug|x64.Build.0 = Debug|x64
		{B1CE7EFA-BF10-49EC-B1DF-1E86690B7A1B}.Release|Win32.ActiveCfg = Release|Win32
		{B1CE7EFA-BF10-49EC-B1DF-1E86690B7A1B}.Release|Win32.Build.0 = Release|Win32
		{B1CE7EFA-BF10-49EC-B1DF-1E86690B7A1B}.Release|x64.ActiveCfg = Release|x64
		{B1CE7EFA-BF10-49EC-B1DF-1E86690B7A1B}.Release|x64.Build.0 = Release|x64
		{47ECAE1D-61FD-46BC-83BE-70B8BDFF71E1}.Debug|Win32.ActiveCfg = Debug|Win32
		{47ECAE1D-61FD-46BC-83BE-70B8BDFF71E1}.Debug|Win32.Build.0 = Debug|Win32
		{47ECAE1D-61FD-46BC-83BE-70B8BDFF71E1}.Debug|x64.ActiveCfg = Debug|x64
		{47ECAE1D-61FD-46BC-83BE-70B8BDFF71E1}.Debug|x64.Build.0 = Debug|x64
		{47ECAE1D-61FD-46BC-83BE-70B8BDFF71E1}.Release|Win32.ActiveCfg = Release|Win32
		{47ECAE1D-61FD-46BC-83BE-70B8BDFF71E1}.Release|Win32.Build.0 = Release|Win32
		{47ECAE1D-61FD-46BC-83BE-70B8BDFF71E1}.Release|x64.ActiveCfg = Release|x64
		{47ECAE1D-61FD-46BC-83BE-70B8BDFF71E1}.Release|x64.Build.0 = Release|x64
		{639F4D4E-31C8-4740-84D7-9DA9FFD5DF6B}.Debug|Win32.ActiveCfg = Debug|Win32
		{639F4D4E-31C8-4740-84D7-9DA9FFD5DF6B}.Debug|Win32.Build.0 = Debug|Win32
		{639F4D4E-31C8-4740-84D7-9DA9FFD5DF6B}.Debug|x64.ActiveCfg = Debug|x64
		{639F4D4E-31C8-4740-84D7-9DA9FFD5DF6B}.Debug|x64.Build.0 = Debug|x64
		{639F4D4E-31C8-4740-84D7-9DA9FFD5DF6B}.Release|Win32.ActiveCfg = Release|Win32
		{639F4D4E-31C8-4740-84D7-9DA9FFD5DF6B}.Release|Win32.Build.0 = Release|Win32
		{639F4D4E-31C8-4740-84D7-9DA9FFD5DF6B}.Release|x64.ActiveCfg = Release|x64
		{639F4D4E-31C8-4740-84D7-9DA9FFD5DF6B}.Release|x64.Build.0 = Release|x64
		{D050EC76-EA34-4886-BAF7-270626E1D5E0}.Debug|Win32.ActiveCfg = Debug|Win32
		{D050EC76-EA34-4886-BAF7-270626E1D5E0}.Debug|Win32.Build.0 = Debug|Win32
		{D050EC76-EA34-4886-BAF7-270626E1D5E0}.Debug|x64.ActiveCfg = Debug|x64
		{D050EC76-EA34-4886-BAF7-270626E1D5E0}.Debug|x64.Build.0 = Debug|x64
		{D050EC76-EA34-4886-BAF7-270626E1D5E0}.Release|Win32.ActiveCfg = Release|Win32
		{D050EC76-EA34-4886-BAF7-270626E1D5E0}.Release|Win32.Build.0 = Release|Win32
		{D050EC76-EA34-4886-BAF7-270626E1D5E0}.Release|x64.ActiveCfg = Release|x64
		{D050EC76-EA34-4886-BAF7-270626E1D5E0}.Release|x64.Build.0 = Release|x64
		{433627C2-6B11-4E72-946C-4E9A39BA6662}.Debug|Win32.ActiveCfg = Debug|Win32
		{433627C2-6B11-4E72-946C-4E9A39BA6662}.Debug|Win32.Build.0 = Debug|Win32
		{433627C2-6B11-4E72-946C-4E9A39BA6662}.Debug|x64.ActiveCfg = Debug|x64
		{433627C2-6B11-4E72-946C-4E9A39BA6662}.Debug|x64.Build.0 = Debug|x64
		{433627C2-6B11-4E72-946C-4E9A39BA6662}.Release|Win32.ActiveCfg = Release|Win32
		{433627C2-6B11-4E72-946C-4E9A39BA6662}.Release|Win32.Build.0 = Release|Win32
		{433627C2-6B11-4E72-946C-4E9A39BA6662}.Release|x64.ActiveCfg = Release|x64
		{433627C2-6B11-4E72-946C-4E9A39BA6662}.Release|x64.Build.0 = Release|x64
		{FAE529BD-A5C0-425A-9F37-423391DDBB3D}.Debug|Win32.ActiveCfg = Debug|Win32
		{FAE529BD-A5C0-425A-9F37-423391DDBB3D}.Debug|Win32.Build.0 = Debug|Win32
		{FAE529BD-A5C0-425A-9F37-423391DDBB3D}.Debug|x64.ActiveCfg = Debug|x64
		{FAE529BD-A5C0-425A-9F37-423391DDBB3D}.Debug|x64.Build.0 = Debug|x64
		{FAE529BD-A5C0-425A-9F37-423391DDBB3D}.Release|Win32.ActiveCfg = Release|Win32
		{FAE529BD-A5C0-425A-9F37-423391DDBB3D}.Release|Win32.Build.0 = Release|Win32
		{FAE529BD-A5C0-425A-9F37-423391DDBB3D}.Release|x64.ActiveCfg = Release|x64
		{FAE529BD-A5C0-425A-9F37-423391DDBB3D}.Release|x64.Build.0 = Release|x64
		{9A64CA7B-6F82-4FB4-B230-8703B5C8DC4E}.Debug|Win32.ActiveCfg = Debug|Win32
		{9A64CA7B-6F82-4FB4-B230-8703B5C8DC4E}.Debug|Win32.Build.0 = Debug|Win32
		{9A64CA7B-6F82-4FB4-B230-8703B5C8DC4E}.Debug|x64.ActiveCfg = Debug|x64
		{9A64CA7B-6F82-4FB4-B230-8703B5C8DC4E}.Debug|x64.Build.0 = Debug|x64
		{9A64CA7B-6F82-4FB4-B230-8703B5C8DC4E}.Release|Win32.ActiveCfg = Release|Win32
		{9A64CA7B-6F82-4FB4-B230-8703B5C8DC4E}.Release|Win32.Build.0 = Release|Win32
		{9A64CA7B-6F82-4FB4-B230-8703B5C8DC4E}.Release|x64.ActiveCfg = Release|x64
		{9A64CA7B-6F82-4FB4-B230-8703B5C8DC4E}.Release|x64.Build.0 = Release|x64
		{E08C67A1-7629-4382-B804-C4A9EA1F993D}.Debug|Win32.ActiveCfg = Debug|Win32
		{E08C67A1-7629-4382-B804-C4A9EA1F993D}.Debug|Win32.Build.0 = Debug|Win32
		{E08C67A1-7629-4382-B804-C4A9EA1F993D}.Debug|x64.ActiveCfg = Debug|x64
		{E08C67A1-7629-4382-B804-C4A9EA1F993D}.Debug|x64.Build.0 = Debug|x64
		{E08C67A1-7629-4382-B804-C4A9EA1F993D}.Release|Win32.ActiveCfg = Release|Win32
		{E08C67A1-7629-4382-B804-C4A9EA1F993D}.Release|Win32.Build.0 = Release|Win32
		{E08C67A1-7629-4382-B804-C4A9EA1F993D}.Release|x64.ActiveCfg = Release|x64
		{E08C67A1-7629-4382-B804-C4A9EA1F993D}.Release|x64.Build.0 = Release|x64
		{26769721-E7AE-4436-AF08-1B9913BE20F8}.Debug|Win32.ActiveCfg = Debug|Win32
		{26769721-E7AE-4436-AF08-1B9913BE20F8}.Debug|Win32.Build.0 = Debug|Win32
		{26769721-E7AE-4436-AF08-1B9913BE20F8}.Debug|x64.ActiveCfg = Debug|x64
		{26769721-E7AE-4436-AF08-1B9913BE20F8}.Debug|x64.Build.0 = Debug|x64
		{26769721-E7AE-4436-AF08-1B9913BE20F8}.Release|Win32.ActiveCfg = Release|Win32
		{26769721-E7AE-4436-AF08-1B9913BE20F8}.Release|Win32.Build.0 = Release|Win32
		{26769721-E7AE-4436-AF08-1B9913BE20F8}.Release|x64.ActiveCfg = Release|x64
		{26769721-E7AE-4436-AF08-1B9913BE20F8}.Release|x64.Build.0 = Release|x64
		{FAE76C55-0916-4AA1-B0A2-38E605D7C3BE}.Debug|Win32.ActiveCfg = Debug|Win32
		{FAE76C55-0916-4AA1-B0A2-38E605D7C3BE}.Debug|Win32.Build.0 = Debug|Win32
		{FAE76C55-0916-4AA1-B0A2-38E605D7C3BE}.Debug|x64.ActiveCfg = Debug|x64
		{FAE76C55-0916-4AA1-B0A2-38E605D7C3BE}.Debug|x64.Build.0 = Debug|x64
		{FAE76C55-0916-4AA1-B0A2-38E605D7C3BE}.Release|Win32.ActiveCfg = Release|Win32
		{FAE76C55-0916-4AA1-B0A2-38E605D7C3BE}.Release|Win32.Build.0 = Release|Win32
		{FAE76C55-0916-4AA1-B0A2-38E605D7C3BE}.Release|x64.ActiveCfg = Release|x64
		{FAE76C55-0916-4AA1-B0A2-38E605D7C3BE}.Release|x64.Build.0 = Release|x64
	EndGlobalSection
	GlobalSection(SolutionProperties) = preSolution
		HideSolutionNode = FALSE
	EndGlobalSection
	GlobalSection(NestedProjects) = preSolution
		{16EB09BF-F107-4BDC-9C13-9521690475AF} = {7B4E5364-58AE-4686-A3AA-0B6844189F5F}
		{3A232F06-A0E5-4D4E-BA35-E5C1EE2131F8} = {F7CC30BB-67D0-4AE1-A543-3AFA5FF1E374}
		{84A41E9F-3499-40F0-9A33-5497A89CCD3D} = {31734DCE-9BAE-4EDC-A870-0FED74ECD71B}
		{DEB36366-65E3-4A33-9371-E42260617A26} = {31734DCE-9BAE-4EDC-A870-0FED74ECD71B}
		{B1CE7EFA-BF10-49EC-B1DF-1E86690B7A1B} = {F7CC30BB-67D0-4AE1-A543-3AFA5FF1E374}
		{47ECAE1D-61FD-46BC-83BE-70B8BDFF71E1} = {31734DCE-9BAE-4EDC-A870-0FED74ECD71B}
		{639F4D4E-31C8-4740-84D7-9DA9FFD5DF6B} = {31734DCE-9BAE-4EDC-A870-0FED74ECD71B}
		{D050EC76-EA34-4886-BAF7-270626E1D5E0} = {31734DCE-9BAE-4EDC-A870-0FED74ECD71B}
		{433627C2-6B11-4E72-946C-4E9A39BA6662} = {E871779D-D25C-4819-856E-03066907F4D8}
		{26769721-E7AE-4436-AF08-1B9913BE20F8} = {E871779D-D25C-4819-856E-03066907F4D8}
		{591082AC-71EC-41F2-AECB-89B99BE9E73E} = {31734DCE-9BAE-4EDC-A870-0FED74ECD71B}
		{FAE76C55-0916-4AA1-B0A2-38E605D7C3BE} = {F7CC30BB-67D0-4AE1-A543-3AFA5FF1E374}
		{02EA681E-C7D8-13C7-8484-4AC65E1B71E8} = {E871779D-D25C-4819-856E-03066907F4D8}
		{FAE529BD-A5C0-425A-9F37-423391DDBB3D} = {E871779D-D25C-4819-856E-03066907F4D8}
		{9A64CA7B-6F82-4FB4-B230-8703B5C8DC4E} = {E871779D-D25C-4819-856E-03066907F4D8}
		{E08C67A1-7629-4382-B804-C4A9EA1F993D} = {E871779D-D25C-4819-856E-03066907F4D8}
	EndGlobalSection
	GlobalSection(ExtensibilityGlobals) = postSolution
		SolutionGuid = {2C8CDAC6-CA66-4D46-8E29-90C1701B0A1D}
	EndGlobalSection
EndGlobal
