
Microsoft Visual Studio Solution File, Format Version 12.00
# Visual Studio Version 18
VisualStudioVersion = 18.3.11222.16
MinimumVisualStudioVersion = 10.0.40219.1
Project("{8BC9CEB8-8B4A-11D0-8D11-00A0C91BC942}") = "Ввод_Вывод", "Ввод_Вывод\Ввод_Вывод.vcxproj", "{16EB09BF-F107-4BDC-9C13-9521690475AF}"
EndProject
Project("{2150E333-8FDC-42A3-9474-1A3956D46DE8}") = "Операции деления", "Операции деления", "{F7CC30BB-67D0-4AE1-A543-3AFA5FF1E374}"
EndProject
Project("{2150E333-8FDC-42A3-9474-1A3956D46DE8}") = "Введение", "Введение", "{7B4E5364-58AE-4686-A3AA-0B6844189F5F}"
EndProject
Project("{8BC9CEB8-8B4A-11D0-8D11-00A0C91BC942}") = "Операции_деления", "Операции_деления\Операции_деления.vcxproj", "{3A232F06-A0E5-4D4E-BA35-E5C1EE2131F8}"
EndProject
Project("{2150E333-8FDC-42A3-9474-1A3956D46DE8}") = "Условные конструкции", "Условные конструкции", "{31734DCE-9BAE-4EDC-A870-0FED74ECD71B}"
EndProject
Project("{8BC9CEB8-8B4A-11D0-8D11-00A0C91BC942}") = "Условные_конструкции", "Условные_конструкции\Условные_конструкции.vcxproj", "{84A41E9F-3499-40F0-9A33-5497A89CCD3D}"
EndProject
Project("{8BC9CEB8-8B4A-11D0-8D11-00A0C91BC942}") = "Условный_оператор_if", "Условный_оператор_if\Условный_оператор_if.vcxproj", "{DEB36366-65E3-4A33-9371-E42260617A26}"
EndProject
Project("{8BC9CEB8-8B4A-11D0-8D11-00A0C91BC942}") = "Секунды", "Секунды\Секунды.vcxproj", "{B1CE7EFA-BF10-49EC-B1DF-1E86690B7A1B}"
EndProject
Project("{8BC9CEB8-8B4A-11D0-8D11-00A0C91BC942}") = "Тернарный_оператор", "Тернарный_оператор\Тернарный_оператор.vcxproj", "{47ECAE1D-61FD-46BC-83BE-70B8BDFF71E1}"
EndProject
Project("{8BC9CEB8-8B4A-11D0-8D11-00A0C91BC942}") = "Отператор_выбора_switch", "Отператор_выбора_switch\Отператор_выбора_switch.vcxproj", "{639F4D4E-31C8-4740-84D7-9DA9FFD5DF6B}"
EndProject
Project("{8BC9CEB8-8B4A-11D0-8D11-00A0C91BC942}") = "Координатная_плоскость", "Координатная_плоскость\Координатная_плоскость.vcxproj", "{D050EC76-EA34-4886-BAF7-270626E1D5E0}"
EndProject
Project("{2150E333-8FDC-42A3-9474-1A3956D46DE8}") = "Циклы", "Циклы", "{E871779D-D25C-4819-856E-03066907F4D8}"
EndProject
Project("{8BC9CEB8-8B4A-11D0-8D11-00A0C91BC942}") = "Цикл_for", "Цикл_for\Цикл_for.vcxproj", "{433627C2-6B11-4E72-946C-4E9A39BA6662}"
EndProject
Project("{2150E333-8FDC-42A3-9474-1A3956D46DE8}") = "Solution Items", "Solution Items", "{02EA681E-C7D8-13C7-8484-4AC65E1B71E8}"
EndProject
Project("{8BC9CEB8-8B4A-11D0-8D11-00A0C91BC942}") = "Факториал", "Факториал\Факториал.vcxproj", "{FAE529BD-A5C0-425A-9F37-423391DDBB3D}"
EndProject
Project("{8BC9CEB8-8B4A-11D0-8D11-00A0C91BC942}") = "Таблица_умножения", "Таблица_умножения\Таблица_умножения.vcxproj", "{9A64CA7B-6F82-4FB4-B230-8703B5C8DC4E}"
EndProject
Project("{8BC9CEB8-8B4A-11D0-8D11-00A0C91BC942}") = "Таблица_Пифагора", "Таблица_Пифагора\Таблица_Пифагора.vcxproj", "{E08C67A1-7629-4382-B804-C4A9EA1F993D}"
EndProject
Project("{8BC9CEB8-8B4A-11D0-8D11-00A0C91BC942}") = "Цикл_while", "Цикл_while\Цикл_while.vcxproj", "{26769721-E7AE-4436-AF08-1B9913BE20F8}"
EndProject
Project("{8BC9CEB8-8B4A-11D0-8D11-00A0C91BC942}") = "Число_прописью", "Число_прописью\Число_прописью.vcxproj", "{591082AC-71EC-41F2-AECB-89B99BE9E73E}"
EndProject
Project("{8BC9CEB8-8B4A-11D0-8D11-00A0C91BC942}") = "Сумма_цифр_числа", "Сумма_цифр_числа\Сумма_цифр_числа.vcxproj", "{FAE76C55-0916-4AA1-B0A2-38E605D7C3BE}"
EndProject
Project("{2150E333-8FDC-42A3-9474-1A3956D46DE8}") = "Случайные числа", "Случайные числа", "{07FA968B-9B8D-4903-8A06-49B91DC8E297}"
EndProject
Project("{8BC9CEB8-8B4A-11D0-8D11-00A0C91BC942}") = "Случайные_числа", "Случайные_числа\Случайные_числа.vcxproj", "{53A6F29B-F029-4F7A-AC8D-60715DF7033A}"
EndProject
Project("{8BC9CEB8-8B4A-11D0-8D11-00A0C91BC942}") = "Лесенка2", "Лесенка2\Лесенка2.vcxproj", "{284ABD6D-9012-4D5C-B928-04E15473224F}"
EndProject
Project("{8BC9CEB8-8B4A-11D0-8D11-00A0C91BC942}") = "Лесенка", "Лесенка\Лесенка.vcxproj", "{8005C307-A92E-4FEE-9488-704A139BBFD1}"
EndProject
Project("{8BC9CEB8-8B4A-11D0-8D11-00A0C91BC942}") = "Сумма_цифр_числа_while", "Сумма_цифр_числа_while\Сумма_цифр_числа_while.vcxproj", "{165C3AF4-0626-450E-B71E-BB925AA39E1F}"
EndProject
Project("{8BC9CEB8-8B4A-11D0-8D11-00A0C91BC942}") = "Число_палиндром", "Число_палиндром\Число_палиндром.vcxproj", "{4CE3D950-9655-4B1D-905E-0EBC6B8E8410}"
EndProject
Project("{8BC9CEB8-8B4A-11D0-8D11-00A0C91BC942}") = "Банковский_вклад", "Банковский_вклад\Банковский_вклад.vcxproj", "{F62AB2F9-E0FD-45DA-B703-B92DC3CFB82B}"
EndProject
Project("{8BC9CEB8-8B4A-11D0-8D11-00A0C91BC942}") = "Среднее_Значение", "Среднее_значение_последовательности\Среднее_значение_последовательности.vcxproj", "{2C2F4369-BED3-4BE7-8C09-F8EA8DE3522C}"
EndProject
Project("{8BC9CEB8-8B4A-11D0-8D11-00A0C91BC942}") = "Максимум_последовательности", "Максимум_последовательности\Максимум_последовательности.vcxproj", "{781A4C33-7B25-431F-98B6-E6875220ED3F}"
EndProject
Project("{8BC9CEB8-8B4A-11D0-8D11-00A0C91BC942}") = "Количество_элементов_равных_максимуму", "Колличество_элементов_равных_максимуму\Колличество_элементов_равных_максимуму.vcxproj", "{06D5BCD5-7AB4-48E6-84C3-7ADCD52B6985}"
EndProject
Project("{8BC9CEB8-8B4A-11D0-8D11-00A0C91BC942}") = "Максимальное_число_идущих_подряд_равных_элементов", "Максимальное_число_идущих_подряд_равных_элементов\Максимальное_число_идущих_подряд_равных_элементов.vcxproj", "{C1463508-B1A1-4103-A40A-ADCE1AF1D1E1}"
EndProject
Project("{2150E333-8FDC-42A3-9474-1A3956D46DE8}") = "Массивы", "Массивы", "{F5DCCE65-784B-4E6F-A9F7-008DDF4F814C}"
EndProject
Project("{8BC9CEB8-8B4A-11D0-8D11-00A0C91BC942}") = "Одномерные_статические_массивы", "Одномерные_статические_массивы\Одномерные_статические_массивы.vcxproj", "{70FE5392-2C89-4D82-B65A-85BA94B26075}"
EndProject
Project("{8BC9CEB8-8B4A-11D0-8D11-00A0C91BC942}") = "Простые_числа", "Простые_числа\Простые_числа.vcxproj", "{E1BADF9E-B094-4594-8ADF-C9CFB9930D94}"
EndProject
Project("{8BC9CEB8-8B4A-11D0-8D11-00A0C91BC942}") = "Сумма_цифр_числа+", "Сумма_цифр_числа+\Сумма_цифр_числа+.vcxproj", "{459D8017-A18E-42AD-BCAA-ED30ADC398D2}"
EndProject
Project("{8BC9CEB8-8B4A-11D0-8D11-00A0C91BC942}") = "Задача_7", "Задача_7\Задача_7.vcxproj", "{681E170F-BD25-41B5-AB92-3EB255CBB2F3}"
EndProject
Project("{8BC9CEB8-8B4A-11D0-8D11-00A0C91BC942}") = "Переварот_массива", "Переварот_массива\Переварот_массива.vcxproj", "{D0CC76CA-82DF-4E41-AA33-70FCE992F00E}"
EndProject
Project("{8BC9CEB8-8B4A-11D0-8D11-00A0C91BC942}") = "Удаление_элементов_из массива", "Удаление_элементов_из массива\Удаление_элементов_из массива.vcxproj", "{61CD89BE-9FC3-4DF4-83C5-CE4FE266836E}"
EndProject
Project("{8BC9CEB8-8B4A-11D0-8D11-00A0C91BC942}") = "Задача_4.1", "Задача_4.1\Задача_4.1.vcxproj", "{3C567C27-D6CD-4A4D-A737-7591A25D6DB4}"
EndProject
Project("{8BC9CEB8-8B4A-11D0-8D11-00A0C91BC942}") = "Задача_4.3", "Задача_4.3\Задача_4.3.vcxproj", "{8FAC8B75-C666-4A9D-A370-0D9350DC7D24}"
EndProject
Project("{8BC9CEB8-8B4A-11D0-8D11-00A0C91BC942}") = "Задача_4.4", "Задача_4.4\Задача_4.4.vcxproj", "{4C2F173B-8A35-469A-8C38-C27142FEC26A}"
EndProject
Project("{8BC9CEB8-8B4A-11D0-8D11-00A0C91BC942}") = "Частая_цифра", "Частая_цифра\Частая_цифра.vcxproj", "{FA5A4E7C-C7F7-48EC-A567-CED55ADBD57C}"
EndProject
Project("{8BC9CEB8-8B4A-11D0-8D11-00A0C91BC942}") = "Морской_Бой", "Морской_Бой\Морской_Бой.vcxproj", "{398F8BFE-FC6C-4008-85A7-641FBF5F26F3}"
EndProject
Global
	GlobalSection(SolutionConfigurationPlatforms) = preSolution
		Debug|Win32 = Debug|Win32
		Debug|x64 = Debug|x64
		Release|Win32 = Release|Win32
		Release|x64 = Release|x64
	EndGlobalSection
	GlobalSection(ProjectConfigurationPlatforms) = postSolution
		{16EB09BF-F107-4BDC-9C13-9521690475AF}.Debug|Win32.ActiveCfg = Debug|Win32
		{16EB09BF-F107-4BDC-9C13-9521690475AF}.Debug|Win32.Build.0 = Debug|Win32
		{16EB09BF-F107-4BDC-9C13-9521690475AF}.Debug|x64.ActiveCfg = Debug|x64
		{16EB09BF-F107-4BDC-9C13-9521690475AF}.Debug|x64.Build.0 = Debug|x64
		{16EB09BF-F107-4BDC-9C13-9521690475AF}.Release|Win32.ActiveCfg = Release|Win32
		{16EB09BF-F107-4BDC-9C13-9521690475AF}.Release|Win32.Build.0 = Release|Win32
		{16EB09BF-F107-4BDC-9C13-9521690475AF}.Release|x64.ActiveCfg = Release|x64
		{16EB09BF-F107-4BDC-9C13-9521690475AF}.Release|x64.Build.0 = Release|x64
		{3A232F06-A0E5-4D4E-BA35-E5C1EE2131F8}.Debug|Win32.ActiveCfg = Debug|Win32
		{3A232F06-A0E5-4D4E-BA35-E5C1EE2131F8}.Debug|Win32.Build.0 = Debug|Win32
		{3A232F06-A0E5-4D4E-BA35-E5C1EE2131F8}.Debug|x64.ActiveCfg = Debug|x64
		{3A232F06-A0E5-4D4E-BA35-E5C1EE2131F8}.Debug|x64.Build.0 = Debug|x64
		{3A232F06-A0E5-4D4E-BA35-E5C1EE2131F8}.Release|Win32.ActiveCfg = Release|Win32
		{3A232F06-A0E5-4D4E-BA35-E5C1EE2131F8}.Release|Win32.Build.0 = Release|Win32
		{3A232F06-A0E5-4D4E-BA35-E5C1EE2131F8}.Release|x64.ActiveCfg = Release|x64
		{3A232F06-A0E5-4D4E-BA35-E5C1EE2131F8}.Release|x64.Build.0 = Release|x64
		{84A41E9F-3499-40F0-9A33-5497A89CCD3D}.Debug|Win32.ActiveCfg = Debug|Win32
		{84A41E9F-3499-40F0-9A33-5497A89CCD3D}.Debug|Win32.Build.0 = Debug|Win32
		{84A41E9F-3499-40F0-9A33-5497A89CCD3D}.Debug|x64.ActiveCfg = Debug|x64
		{84A41E9F-3499-40F0-9A33-5497A89CCD3D}.Debug|x64.Build.0 = Debug|x64
		{84A41E9F-3499-40F0-9A33-5497A89CCD3D}.Release|Win32.ActiveCfg = Release|Win32
		{84A41E9F-3499-40F0-9A33-5497A89CCD3D}.Release|Win32.Build.0 = Release|Win32
		{84A41E9F-3499-40F0-9A33-5497A89CCD3D}.Release|x64.ActiveCfg = Release|x64
		{84A41E9F-3499-40F0-9A33-5497A89CCD3D}.Release|x64.Build.0 = Release|x64
		{DEB36366-65E3-4A33-9371-E42260617A26}.Debug|Win32.ActiveCfg = Debug|Win32
		{DEB36366-65E3-4A33-9371-E42260617A26}.Debug|Win32.Build.0 = Debug|Win32
		{DEB36366-65E3-4A33-9371-E42260617A26}.Debug|x64.ActiveCfg = Debug|x64
		{DEB36366-65E3-4A33-9371-E42260617A26}.Debug|x64.Build.0 = Debug|x64
		{DEB36366-65E3-4A33-9371-E42260617A26}.Release|Win32.ActiveCfg = Release|Win32
		{DEB36366-65E3-4A33-9371-E42260617A26}.Release|Win32.Build.0 = Release|Win32
		{DEB36366-65E3-4A33-9371-E42260617A26}.Release|x64.ActiveCfg = Release|x64
		{DEB36366-65E3-4A33-9371-E42260617A26}.Release|x64.Build.0 = Release|x64
		{B1CE7EFA-BF10-49EC-B1DF-1E86690B7A1B}.Debug|Win32.ActiveCfg = Debug|Win32
		{B1CE7EFA-BF10-49EC-B1DF-1E86690B7A1B}.Debug|Win32.Build.0 = Debug|Win32
		{B1CE7EFA-BF10-49EC-B1DF-1E86690B7A1B}.Debug|x64.ActiveCfg = Debug|x64
		{B1CE7EFA-BF10-49EC-B1DF-1E86690B7A1B}.Debug|x64.Build.0 = Debug|x64
		{B1CE7EFA-BF10-49EC-B1DF-1E86690B7A1B}.Release|Win32.ActiveCfg = Release|Win32
		{B1CE7EFA-BF10-49EC-B1DF-1E86690B7A1B}.Release|Win32.Build.0 = Release|Win32
		{B1CE7EFA-BF10-49EC-B1DF-1E86690B7A1B}.Release|x64.ActiveCfg = Release|x64
		{B1CE7EFA-BF10-49EC-B1DF-1E86690B7A1B}.Release|x64.Build.0 = Release|x64
		{47ECAE1D-61FD-46BC-83BE-70B8BDFF71E1}.Debug|Win32.ActiveCfg = Debug|Win32
		{47ECAE1D-61FD-46BC-83BE-70B8BDFF71E1}.Debug|Win32.Build.0 = Debug|Win32
		{47ECAE1D-61FD-46BC-83BE-70B8BDFF71E1}.Debug|x64.ActiveCfg = Debug|x64
		{47ECAE1D-61FD-46BC-83BE-70B8BDFF71E1}.Debug|x64.Build.0 = Debug|x64
		{47ECAE1D-61FD-46BC-83BE-70B8BDFF71E1}.Release|Win32.ActiveCfg = Release|Win32
		{47ECAE1D-61FD-46BC-83BE-70B8BDFF71E1}.Release|Win32.Build.0 = Release|Win32
		{47ECAE1D-61FD-46BC-83BE-70B8BDFF71E1}.Release|x64.ActiveCfg = Release|x64
		{47ECAE1D-61FD-46BC-83BE-70B8BDFF71E1}.Release|x64.Build.0 = Release|x64
		{639F4D4E-31C8-4740-84D7-9DA9FFD5DF6B}.Debug|Win32.ActiveCfg = Debug|Win32
		{639F4D4E-31C8-4740-84D7-9DA9FFD5DF6B}.Debug|Win32.Build.0 = Debug|Win32
		{639F4D4E-31C8-4740-84D7-9DA9FFD5DF6B}.Debug|x64.ActiveCfg = Debug|x64
		{639F4D4E-31C8-4740-84D7-9DA9FFD5DF6B}.Debug|x64.Build.0 = Debug|x64
		{639F4D4E-31C8-4740-84D7-9DA9FFD5DF6B}.Release|Win32.ActiveCfg = Release|Win32
		{639F4D4E-31C8-4740-84D7-9DA9FFD5DF6B}.Release|Win32.Build.0 = Release|Win32
		{639F4D4E-31C8-4740-84D7-9DA9FFD5DF6B}.Release|x64.ActiveCfg = Release|x64
		{639F4D4E-31C8-4740-84D7-9DA9FFD5DF6B}.Release|x64.Build.0 = Release|x64
		{D050EC76-EA34-4886-BAF7-270626E1D5E0}.Debug|Win32.ActiveCfg = Debug|Win32
		{D050EC76-EA34-4886-BAF7-270626E1D5E0}.Debug|Win32.Build.0 = Debug|Win32
		{D050EC76-EA34-4886-BAF7-270626E1D5E0}.Debug|x64.ActiveCfg = Debug|x64
		{D050EC76-EA34-4886-BAF7-270626E1D5E0}.Debug|x64.Build.0 = Debug|x64
		{D050EC76-EA34-4886-BAF7-270626E1D5E0}.Release|Win32.ActiveCfg = Release|Win32
		{D050EC76-EA34-4886-BAF7-270626E1D5E0}.Release|Win32.Build.0 = Release|Win32
		{D050EC76-EA34-4886-BAF7-270626E1D5E0}.Release|x64.ActiveCfg = Release|x64
		{D050EC76-EA34-4886-BAF7-270626E1D5E0}.Release|x64.Build.0 = Release|x64
		{433627C2-6B11-4E72-946C-4E9A39BA6662}.Debug|Win32.ActiveCfg = Debug|Win32
		{433627C2-6B11-4E72-946C-4E9A39BA6662}.Debug|Win32.Build.0 = Debug|Win32
		{433627C2-6B11-4E72-946C-4E9A39BA6662}.Debug|x64.ActiveCfg = Debug|x64
		{433627C2-6B11-4E72-946C-4E9A39BA6662}.Debug|x64.Build.0 = Debug|x64
		{433627C2-6B11-4E72-946C-4E9A39BA6662}.Release|Win32.ActiveCfg = Release|Win32
		{433627C2-6B11-4E72-946C-4E9A39BA6662}.Release|Win32.Build.0 = Release|Win32
		{433627C2-6B11-4E72-946C-4E9A39BA6662}.Release|x64.ActiveCfg = Release|x64
		{433627C2-6B11-4E72-946C-4E9A39BA6662}.Release|x64.Build.0 = Release|x64
		{FAE529BD-A5C0-425A-9F37-423391DDBB3D}.Debug|Win32.ActiveCfg = Debug|Win32
		{FAE529BD-A5C0-425A-9F37-423391DDBB3D}.Debug|Win32.Build.0 = Debug|Win32
		{FAE529BD-A5C0-425A-9F37-423391DDBB3D}.Debug|x64.ActiveCfg = Debug|x64
		{FAE529BD-A5C0-425A-9F37-423391DDBB3D}.Debug|x64.Build.0 = Debug|x64
		{FAE529BD-A5C0-425A-9F37-423391DDBB3D}.Release|Win32.ActiveCfg = Release|Win32
		{FAE529BD-A5C0-425A-9F37-423391DDBB3D}.Release|Win32.Build.0 = Release|Win32
		{FAE529BD-A5C0-425A-9F37-423391DDBB3D}.Release|x64.ActiveCfg = Release|x64
		{FAE529BD-A5C0-425A-9F37-423391DDBB3D}.Release|x64.Build.0 = Release|x64
		{9A64CA7B-6F82-4FB4-B230-8703B5C8DC4E}.Debug|Win32.ActiveCfg = Debug|Win32
		{9A64CA7B-6F82-4FB4-B230-8703B5C8DC4E}.Debug|Win32.Build.0 = Debug|Win32
		{9A64CA7B-6F82-4FB4-B230-8703B5C8DC4E}.Debug|x64.ActiveCfg = Debug|x64
		{9A64CA7B-6F82-4FB4-B230-8703B5C8DC4E}.Debug|x64.Build.0 = Debug|x64
		{9A64CA7B-6F82-4FB4-B230-8703B5C8DC4E}.Release|Win32.ActiveCfg = Release|Win32
		{9A64CA7B-6F82-4FB4-B230-8703B5C8DC4E}.Release|Win32.Build.0 = Release|Win32
		{9A64CA7B-6F82-4FB4-B230-8703B5C8DC4E}.Release|x64.ActiveCfg = Release|x64
		{9A64CA7B-6F82-4FB4-B230-8703B5C8DC4E}.Release|x64.Build.0 = Release|x64
		{E08C67A1-7629-4382-B804-C4A9EA1F993D}.Debug|Win32.ActiveCfg = Debug|Win32
		{E08C67A1-7629-4382-B804-C4A9EA1F993D}.Debug|Win32.Build.0 = Debug|Win32
		{E08C67A1-7629-4382-B804-C4A9EA1F993D}.Debug|x64.ActiveCfg = Debug|x64
		{E08C67A1-7629-4382-B804-C4A9EA1F993D}.Debug|x64.Build.0 = Debug|x64
		{E08C67A1-7629-4382-B804-C4A9EA1F993D}.Release|Win32.ActiveCfg = Release|Win32
		{E08C67A1-7629-4382-B804-C4A9EA1F993D}.Release|Win32.Build.0 = Release|Win32
		{E08C67A1-7629-4382-B804-C4A9EA1F993D}.Release|x64.ActiveCfg = Release|x64
		{E08C67A1-7629-4382-B804-C4A9EA1F993D}.Release|x64.Build.0 = Release|x64
		{26769721-E7AE-4436-AF08-1B9913BE20F8}.Debug|Win32.ActiveCfg = Debug|Win32
		{26769721-E7AE-4436-AF08-1B9913BE20F8}.Debug|Win32.Build.0 = Debug|Win32
		{26769721-E7AE-4436-AF08-1B9913BE20F8}.Debug|x64.ActiveCfg = Debug|x64
		{26769721-E7AE-4436-AF08-1B9913BE20F8}.Debug|x64.Build.0 = Debug|x64
		{26769721-E7AE-4436-AF08-1B9913BE20F8}.Release|Win32.ActiveCfg = Release|Win32
		{26769721-E7AE-4436-AF08-1B9913BE20F8}.Release|Win32.Build.0 = Release|Win32
		{26769721-E7AE-4436-AF08-1B9913BE20F8}.Release|x64.ActiveCfg = Release|x64
		{26769721-E7AE-4436-AF08-1B9913BE20F8}.Release|x64.Build.0 = Release|x64
		{591082AC-71EC-41F2-AECB-89B99BE9E73E}.Debug|Win32.ActiveCfg = Debug|Win32
		{591082AC-71EC-41F2-AECB-89B99BE9E73E}.Debug|Win32.Build.0 = Debug|Win32
		{591082AC-71EC-41F2-AECB-89B99BE9E73E}.Debug|x64.ActiveCfg = Debug|x64
		{591082AC-71EC-41F2-AECB-89B99BE9E73E}.Debug|x64.Build.0 = Debug|x64
		{591082AC-71EC-41F2-AECB-89B99BE9E73E}.Release|Win32.ActiveCfg = Release|Win32
		{591082AC-71EC-41F2-AECB-89B99BE9E73E}.Release|Win32.Build.0 = Release|Win32
		{591082AC-71EC-41F2-AECB-89B99BE9E73E}.Release|x64.ActiveCfg = Release|x64
		{591082AC-71EC-41F2-AECB-89B99BE9E73E}.Release|x64.Build.0 = Release|x64
		{FAE76C55-0916-4AA1-B0A2-38E605D7C3BE}.Debug|Win32.ActiveCfg = Debug|Win32
		{FAE76C55-0916-4AA1-B0A2-38E605D7C3BE}.Debug|Win32.Build.0 = Debug|Win32
		{FAE76C55-0916-4AA1-B0A2-38E605D7C3BE}.Debug|x64.ActiveCfg = Debug|x64
		{FAE76C55-0916-4AA1-B0A2-38E605D7C3BE}.Debug|x64.Build.0 = Debug|x64
		{FAE76C55-0916-4AA1-B0A2-38E605D7C3BE}.Release|Win32.ActiveCfg = Release|Win32
		{FAE76C55-0916-4AA1-B0A2-38E605D7C3BE}.Release|Win32.Build.0 = Release|Win32
		{FAE76C55-0916-4AA1-B0A2-38E605D7C3BE}.Release|x64.ActiveCfg = Release|x64
		{FAE76C55-0916-4AA1-B0A2-38E605D7C3BE}.Release|x64.Build.0 = Release|x64
		{53A6F29B-F029-4F7A-AC8D-60715DF7033A}.Debug|Win32.ActiveCfg = Debug|Win32
		{53A6F29B-F029-4F7A-AC8D-60715DF7033A}.Debug|Win32.Build.0 = Debug|Win32
		{53A6F29B-F029-4F7A-AC8D-60715DF7033A}.Debug|x64.ActiveCfg = Debug|x64
		{53A6F29B-F029-4F7A-AC8D-60715DF7033A}.Debug|x64.Build.0 = Debug|x64
		{53A6F29B-F029-4F7A-AC8D-60715DF7033A}.Release|Win32.ActiveCfg = Release|Win32
		{53A6F29B-F029-4F7A-AC8D-60715DF7033A}.Release|Win32.Build.0 = Release|Win32
		{53A6F29B-F029-4F7A-AC8D-60715DF7033A}.Release|x64.ActiveCfg = Release|x64
		{53A6F29B-F029-4F7A-AC8D-60715DF7033A}.Release|x64.Build.0 = Release|x64
		{284ABD6D-9012-4D5C-B928-04E15473224F}.Debug|Win32.ActiveCfg = Debug|Win32
		{284ABD6D-9012-4D5C-B928-04E15473224F}.Debug|Win32.Build.0 = Debug|Win32
		{284ABD6D-9012-4D5C-B928-04E15473224F}.Debug|x64.ActiveCfg = Debug|x64
		{284ABD6D-9012-4D5C-B928-04E15473224F}.Debug|x64.Build.0 = Debug|x64
		{284ABD6D-9012-4D5C-B928-04E15473224F}.Release|Win32.ActiveCfg = Release|Win32
		{284ABD6D-9012-4D5C-B928-04E15473224F}.Release|Win32.Build.0 = Release|Win32
		{284ABD6D-9012-4D5C-B928-04E15473224F}.Release|x64.ActiveCfg = Release|x64
		{284ABD6D-9012-4D5C-B928-04E15473224F}.Release|x64.Build.0 = Release|x64
		{8005C307-A92E-4FEE-9488-704A139BBFD1}.Debug|Win32.ActiveCfg = Debug|Win32
		{8005C307-A92E-4FEE-9488-704A139BBFD1}.Debug|Win32.Build.0 = Debug|Win32
		{8005C307-A92E-4FEE-9488-704A139BBFD1}.Debug|x64.ActiveCfg = Debug|x64
		{8005C307-A92E-4FEE-9488-704A139BBFD1}.Debug|x64.Build.0 = Debug|x64
		{8005C307-A92E-4FEE-9488-704A139BBFD1}.Release|Win32.ActiveCfg = Release|Win32
		{8005C307-A92E-4FEE-9488-704A139BBFD1}.Release|Win32.Build.0 = Release|Win32
		{8005C307-A92E-4FEE-9488-704A139BBFD1}.Release|x64.ActiveCfg = Release|x64
		{8005C307-A92E-4FEE-9488-704A139BBFD1}.Release|x64.Build.0 = Release|x64
		{165C3AF4-0626-450E-B71E-BB925AA39E1F}.Debug|Win32.ActiveCfg = Debug|Win32
		{165C3AF4-0626-450E-B71E-BB925AA39E1F}.Debug|Win32.Build.0 = Debug|Win32
		{165C3AF4-0626-450E-B71E-BB925AA39E1F}.Debug|x64.ActiveCfg = Debug|x64
		{165C3AF4-0626-450E-B71E-BB925AA39E1F}.Debug|x64.Build.0 = Debug|x64
		{165C3AF4-0626-450E-B71E-BB925AA39E1F}.Release|Win32.ActiveCfg = Release|Win32
		{165C3AF4-0626-450E-B71E-BB925AA39E1F}.Release|Win32.Build.0 = Release|Win32
		{165C3AF4-0626-450E-B71E-BB925AA39E1F}.Release|x64.ActiveCfg = Release|x64
		{165C3AF4-0626-450E-B71E-BB925AA39E1F}.Release|x64.Build.0 = Release|x64
		{4CE3D950-9655-4B1D-905E-0EBC6B8E8410}.Debug|Win32.ActiveCfg = Debug|Win32
		{4CE3D950-9655-4B1D-905E-0EBC6B8E8410}.Debug|Win32.Build.0 = Debug|Win32
		{4CE3D950-9655-4B1D-905E-0EBC6B8E8410}.Debug|x64.ActiveCfg = Debug|x64
		{4CE3D950-9655-4B1D-905E-0EBC6B8E8410}.Debug|x64.Build.0 = Debug|x64
		{4CE3D950-9655-4B1D-905E-0EBC6B8E8410}.Release|Win32.ActiveCfg = Release|Win32
		{4CE3D950-9655-4B1D-905E-0EBC6B8E8410}.Release|Win32.Build.0 = Release|Win32
		{4CE3D950-9655-4B1D-905E-0EBC6B8E8410}.Release|x64.ActiveCfg = Release|x64
		{4CE3D950-9655-4B1D-905E-0EBC6B8E8410}.Release|x64.Build.0 = Release|x64
		{F62AB2F9-E0FD-45DA-B703-B92DC3CFB82B}.Debug|Win32.ActiveCfg = Debug|Win32
		{F62AB2F9-E0FD-45DA-B703-B92DC3CFB82B}.Debug|Win32.Build.0 = Debug|Win32
		{F62AB2F9-E0FD-45DA-B703-B92DC3CFB82B}.Debug|x64.ActiveCfg = Debug|x64
		{F62AB2F9-E0FD-45DA-B703-B92DC3CFB82B}.Debug|x64.Build.0 = Debug|x64
		{F62AB2F9-E0FD-45DA-B703-B92DC3CFB82B}.Release|Win32.ActiveCfg = Release|Win32
		{F62AB2F9-E0FD-45DA-B703-B92DC3CFB82B}.Release|Win32.Build.0 = Release|Win32
		{F62AB2F9-E0FD-45DA-B703-B92DC3CFB82B}.Release|x64.ActiveCfg = Release|x64
		{F62AB2F9-E0FD-45DA-B703-B92DC3CFB82B}.Release|x64.Build.0 = Release|x64
		{2C2F4369-BED3-4BE7-8C09-F8EA8DE3522C}.Debug|Win32.ActiveCfg = Debug|Win32
		{2C2F4369-BED3-4BE7-8C09-F8EA8DE3522C}.Debug|Win32.Build.0 = Debug|Win32
		{2C2F4369-BED3-4BE7-8C09-F8EA8DE3522C}.Debug|x64.ActiveCfg = Debug|x64
		{2C2F4369-BED3-4BE7-8C09-F8EA8DE3522C}.Debug|x64.Build.0 = Debug|x64
		{2C2F4369-BED3-4BE7-8C09-F8EA8DE3522C}.Release|Win32.ActiveCfg = Release|Win32
		{2C2F4369-BED3-4BE7-8C09-F8EA8DE3522C}.Release|Win32.Build.0 = Release|Win32
		{2C2F4369-BED3-4BE7-8C09-F8EA8DE3522C}.Release|x64.ActiveCfg = Release|x64
		{2C2F4369-BED3-4BE7-8C09-F8EA8DE3522C}.Release|x64.Build.0 = Release|x64
		{781A4C33-7B25-431F-98B6-E6875220ED3F}.Debug|Win32.ActiveCfg = Debug|Win32
		{781A4C33-7B25-431F-98B6-E6875220ED3F}.Debug|Win32.Build.0 = Debug|Win32
		{781A4C33-7B25-431F-98B6-E6875220ED3F}.Debug|x64.ActiveCfg = Debug|x64
		{781A4C33-7B25-431F-98B6-E6875220ED3F}.Debug|x64.Build.0 = Debug|x64
		{781A4C33-7B25-431F-98B6-E6875220ED3F}.Release|Win32.ActiveCfg = Release|Win32
		{781A4C33-7B25-431F-98B6-E6875220ED3F}.Release|Win32.Build.0 = Release|Win32
		{781A4C33-7B25-431F-98B6-E6875220ED3F}.Release|x64.ActiveCfg = Release|x64
		{781A4C33-7B25-431F-98B6-E6875220ED3F}.Release|x64.Build.0 = Release|x64
		{06D5BCD5-7AB4-48E6-84C3-7ADCD52B6985}.Debug|Win32.ActiveCfg = Debug|Win32
		{06D5BCD5-7AB4-48E6-84C3-7ADCD52B6985}.Debug|Win32.Build.0 = Debug|Win32
		{06D5BCD5-7AB4-48E6-84C3-7ADCD52B6985}.Debug|x64.ActiveCfg = Debug|x64
		{06D5BCD5-7AB4-48E6-84C3-7ADCD52B6985}.Debug|x64.Build.0 = Debug|x64
		{06D5BCD5-7AB4-48E6-84C3-7ADCD52B6985}.Release|Win32.ActiveCfg = Release|Win32
		{06D5BCD5-7AB4-48E6-84C3-7ADCD52B6985}.Release|Win32.Build.0 = Release|Win32
		{06D5BCD5-7AB4-48E6-84C3-7ADCD52B6985}.Release|x64.ActiveCfg = Release|x64
		{06D5BCD5-7AB4-48E6-84C3-7ADCD52B6985}.Release|x64.Build.0 = Release|x64
		{C1463508-B1A1-4103-A40A-ADCE1AF1D1E1}.Debug|Win32.ActiveCfg = Debug|Win32
		{C1463508-B1A1-4103-A40A-ADCE1AF1D1E1}.Debug|Win32.Build.0 = Debug|Win32
		{C1463508-B1A1-4103-A40A-ADCE1AF1D1E1}.Debug|x64.ActiveCfg = Debug|x64
		{C1463508-B1A1-4103-A40A-ADCE1AF1D1E1}.Debug|x64.Build.0 = Debug|x64
		{C1463508-B1A1-4103-A40A-ADCE1AF1D1E1}.Release|Win32.ActiveCfg = Release|Win32
		{C1463508-B1A1-4103-A40A-ADCE1AF1D1E1}.Release|Win32.Build.0 = Release|Win32
		{C1463508-B1A1-4103-A40A-ADCE1AF1D1E1}.Release|x64.ActiveCfg = Release|x64
		{C1463508-B1A1-4103-A40A-ADCE1AF1D1E1}.Release|x64.Build.0 = Release|x64
		{70FE5392-2C89-4D82-B65A-85BA94B26075}.Debug|Win32.ActiveCfg = Debug|Win32
		{70FE5392-2C89-4D82-B65A-85BA94B26075}.Debug|Win32.Build.0 = Debug|Win32
		{70FE5392-2C89-4D82-B65A-85BA94B26075}.Debug|x64.ActiveCfg = Debug|x64
		{70FE5392-2C89-4D82-B65A-85BA94B26075}.Debug|x64.Build.0 = Debug|x64
		{70FE5392-2C89-4D82-B65A-85BA94B26075}.Release|Win32.ActiveCfg = Release|Win32
		{70FE5392-2C89-4D82-B65A-85BA94B26075}.Release|Win32.Build.0 = Release|Win32
		{70FE5392-2C89-4D82-B65A-85BA94B26075}.Release|x64.ActiveCfg = Release|x64
		{70FE5392-2C89-4D82-B65A-85BA94B26075}.Release|x64.Build.0 = Release|x64
		{E1BADF9E-B094-4594-8ADF-C9CFB9930D94}.Debug|Win32.ActiveCfg = Debug|Win32
		{E1BADF9E-B094-4594-8ADF-C9CFB9930D94}.Debug|Win32.Build.0 = Debug|Win32
		{E1BADF9E-B094-4594-8ADF-C9CFB9930D94}.Debug|x64.ActiveCfg = Debug|x64
		{E1BADF9E-B094-4594-8ADF-C9CFB9930D94}.Debug|x64.Build.0 = Debug|x64
		{E1BADF9E-B094-4594-8ADF-C9CFB9930D94}.Release|Win32.ActiveCfg = Release|Win32
		{E1BADF9E-B094-4594-8ADF-C9CFB9930D94}.Release|Win32.Build.0 = Release|Win32
		{E1BADF9E-B094-4594-8ADF-C9CFB9930D94}.Release|x64.ActiveCfg = Release|x64
		{E1BADF9E-B094-4594-8ADF-C9CFB9930D94}.Release|x64.Build.0 = Release|x64
		{459D8017-A18E-42AD-BCAA-ED30ADC398D2}.Debug|Win32.ActiveCfg = Debug|Win32
		{459D8017-A18E-42AD-BCAA-ED30ADC398D2}.Debug|Win32.Build.0 = Debug|Win32
		{459D8017-A18E-42AD-BCAA-ED30ADC398D2}.Debug|x64.ActiveCfg = Debug|x64
		{459D8017-A18E-42AD-BCAA-ED30ADC398D2}.Debug|x64.Build.0 = Debug|x64
		{459D8017-A18E-42AD-BCAA-ED30ADC398D2}.Release|Win32.ActiveCfg = Release|Win32
		{459D8017-A18E-42AD-BCAA-ED30ADC398D2}.Release|Win32.Build.0 = Release|Win32
		{459D8017-A18E-42AD-BCAA-ED30ADC398D2}.Release|x64.ActiveCfg = Release|x64
		{459D8017-A18E-42AD-BCAA-ED30ADC398D2}.Release|x64.Build.0 = Release|x64
		{681E170F-BD25-41B5-AB92-3EB255CBB2F3}.Debug|Win32.ActiveCfg = Debug|Win32
		{681E170F-BD25-41B5-AB92-3EB255CBB2F3}.Debug|Win32.Build.0 = Debug|Win32
		{681E170F-BD25-41B5-AB92-3EB255CBB2F3}.Debug|x64.ActiveCfg = Debug|x64
		{681E170F-BD25-41B5-AB92-3EB255CBB2F3}.Debug|x64.Build.0 = Debug|x64
		{681E170F-BD25-41B5-AB92-3EB255CBB2F3}.Release|Win32.ActiveCfg = Release|Win32
		{681E170F-BD25-41B5-AB92-3EB255CBB2F3}.Release|Win32.Build.0 = Release|Win32
		{681E170F-BD25-41B5-AB92-3EB255CBB2F3}.Release|x64.ActiveCfg = Release|x64
		{681E170F-BD25-41B5-AB92-3EB255CBB2F3}.Release|x64.Build.0 = Release|x64
		{D0CC76CA-82DF-4E41-AA33-70FCE992F00E}.Debug|Win32.ActiveCfg = Debug|Win32
		{D0CC76CA-82DF-4E41-AA33-70FCE992F00E}.Debug|Win32.Build.0 = Debug|Win32
		{D0CC76CA-82DF-4E41-AA33-70FCE992F00E}.Debug|x64.ActiveCfg = Debug|x64
		{D0CC76CA-82DF-4E41-AA33-70FCE992F00E}.Debug|x64.Build.0 = Debug|x64
		{D0CC76CA-82DF-4E41-AA33-70FCE992F00E}.Release|Win32.ActiveCfg = Release|Win32
		{D0CC76CA-82DF-4E41-AA33-70FCE992F00E}.Release|Win32.Build.0 = Release|Win32
		{D0CC76CA-82DF-4E41-AA33-70FCE992F00E}.Release|x64.ActiveCfg = Release|x64
		{D0CC76CA-82DF-4E41-AA33-70FCE992F00E}.Release|x64.Build.0 = Release|x64
		{61CD89BE-9FC3-4DF4-83C5-CE4FE266836E}.Debug|Win32.ActiveCfg = Debug|Win32
		{61CD89BE-9FC3-4DF4-83C5-CE4FE266836E}.Debug|Win32.Build.0 = Debug|Win32
		{61CD89BE-9FC3-4DF4-83C5-CE4FE266836E}.Debug|x64.ActiveCfg = Debug|x64
		{61CD89BE-9FC3-4DF4-83C5-CE4FE266836E}.Debug|x64.Build.0 = Debug|x64
		{61CD89BE-9FC3-4DF4-83C5-CE4FE266836E}.Release|Win32.ActiveCfg = Release|Win32
		{61CD89BE-9FC3-4DF4-83C5-CE4FE266836E}.Release|Win32.Build.0 = Release|Win32
		{61CD89BE-9FC3-4DF4-83C5-CE4FE266836E}.Release|x64.ActiveCfg = Release|x64
		{61CD89BE-9FC3-4DF4-83C5-CE4FE266836E}.Release|x64.Build.0 = Release|x64
		{3C567C27-D6CD-4A4D-A737-7591A25D6DB4}.Debug|Win32.ActiveCfg = Debug|Win32
		{3C567C27-D6CD-4A4D-A737-7591A25D6DB4}.Debug|Win32.Build.0 = Debug|Win32
		{3C567C27-D6CD-4A4D-A737-7591A25D6DB4}.Debug|x64.ActiveCfg = Debug|x64
		{3C567C27-D6CD-4A4D-A737-7591A25D6DB4}.Debug|x64.Build.0 = Debug|x64
		{3C567C27-D6CD-4A4D-A737-7591A25D6DB4}.Release|Win32.ActiveCfg = Release|Win32
		{3C567C27-D6CD-4A4D-A737-7591A25D6DB4}.Release|Win32.Build.0 = Release|Win32
		{3C567C27-D6CD-4A4D-A737-7591A25D6DB4}.Release|x64.ActiveCfg = Release|x64
		{3C567C27-D6CD-4A4D-A737-7591A25D6DB4}.Release|x64.Build.0 = Release|x64
		{8FAC8B75-C666-4A9D-A370-0D9350DC7D24}.Debug|Win32.ActiveCfg = Debug|Win32
		{8FAC8B75-C666-4A9D-A370-0D9350DC7D24}.Debug|Win32.Build.0 = Debug|Win32
		{8FAC8B75-C666-4A9D-A370-0D9350DC7D24}.Debug|x64.ActiveCfg = Debug|x64
		{8FAC8B75-C666-4A9D-A370-0D9350DC7D24}.Debug|x64.Build.0 = Debug|x64
		{8FAC8B75-C666-4A9D-A370-0D9350DC7D24}.Release|Win32.ActiveCfg = Release|Win32
		{8FAC8B75-C666-4A9D-A370-0D9350DC7D24}.Release|Win32.Build.0 = Release|Win32
		{8FAC8B75-C666-4A9D-A370-0D9350DC7D24}.Release|x64.ActiveCfg = Release|x64
		{8FAC8B75-C666-4A9D-A370-0D9350DC7D24}.Release|x64.Build.0 = Release|x64
		{4C2F173B-8A35-469A-8C38-C27142FEC26A}.Debug|Win32.ActiveCfg = Debug|Win32
		{4C2F173B-8A35-469A-8C38-C27142FEC26A}.Debug|Win32.Build.0 = Debug|Win32
		{4C2F173B-8A35-469A-8C38-C27142FEC26A}.Debug|x64.ActiveCfg = Debug|x64
		{4C2F173B-8A35-469A-8C38-C27142FEC26A}.Debug|x64.Build.0 = Debug|x64
		{4C2F173B-8A35-469A-8C38-C27142FEC26A}.Release|Win32.ActiveCfg = Release|Win32
		{4C2F173B-8A35-469A-8C38-C27142FEC26A}.Release|Win32.Build.0 = Release|Win32
		{4C2F173B-8A35-469A-8C38-C27142FEC26A}.Release|x64.ActiveCfg = Release|x64
		{4C2F173B-8A35-469A-8C38-C27142FEC26A}.Release|x64.Build.0 = Release|x64
		{FA5A4E7C-C7F7-48EC-A567-CED55ADBD57C}.Debug|Win32.ActiveCfg = Debug|Win32
		{FA5A4E7C-C7F7-48EC-A567-CED55ADBD57C}.Debug|Win32.Build.0 = Debug|Win32
		{FA5A4E7C-C7F7-48EC-A567-CED55ADBD57C}.Debug|x64.ActiveCfg = Debug|x64
		{FA5A4E7C-C7F7-48EC-A567-CED55ADBD57C}.Debug|x64.Build.0 = Debug|x64
		{FA5A4E7C-C7F7-48EC-A567-CED55ADBD57C}.Release|Win32.ActiveCfg = Release|Win32
		{FA5A4E7C-C7F7-48EC-A567-CED55ADBD57C}.Release|Win32.Build.0 = Release|Win32
		{FA5A4E7C-C7F7-48EC-A567-CED55ADBD57C}.Release|x64.ActiveCfg = Release|x64
		{FA5A4E7C-C7F7-48EC-A567-CED55ADBD57C}.Release|x64.Build.0 = Release|x64
		{398F8BFE-FC6C-4008-85A7-641FBF5F26F3}.Debug|Win32.ActiveCfg = Debug|Win32
		{398F8BFE-FC6C-4008-85A7-641FBF5F26F3}.Debug|Win32.Build.0 = Debug|Win32
		{398F8BFE-FC6C-4008-85A7-641FBF5F26F3}.Debug|x64.ActiveCfg = Debug|x64
		{398F8BFE-FC6C-4008-85A7-641FBF5F26F3}.Debug|x64.Build.0 = Debug|x64
		{398F8BFE-FC6C-4008-85A7-641FBF5F26F3}.Release|Win32.ActiveCfg = Release|Win32
		{398F8BFE-FC6C-4008-85A7-641FBF5F26F3}.Release|Win32.Build.0 = Release|Win32
		{398F8BFE-FC6C-4008-85A7-641FBF5F26F3}.Release|x64.ActiveCfg = Release|x64
		{398F8BFE-FC6C-4008-85A7-641FBF5F26F3}.Release|x64.Build.0 = Release|x64
	EndGlobalSection
	GlobalSection(SolutionProperties) = preSolution
		HideSolutionNode = FALSE
	EndGlobalSection
	GlobalSection(NestedProjects) = preSolution
		{16EB09BF-F107-4BDC-9C13-9521690475AF} = {7B4E5364-58AE-4686-A3AA-0B6844189F5F}
		{3A232F06-A0E5-4D4E-BA35-E5C1EE2131F8} = {F7CC30BB-67D0-4AE1-A543-3AFA5FF1E374}
		{84A41E9F-3499-40F0-9A33-5497A89CCD3D} = {31734DCE-9BAE-4EDC-A870-0FED74ECD71B}
		{DEB36366-65E3-4A33-9371-E42260617A26} = {31734DCE-9BAE-4EDC-A870-0FED74ECD71B}
		{B1CE7EFA-BF10-49EC-B1DF-1E86690B7A1B} = {F7CC30BB-67D0-4AE1-A543-3AFA5FF1E374}
		{47ECAE1D-61FD-46BC-83BE-70B8BDFF71E1} = {31734DCE-9BAE-4EDC-A870-0FED74ECD71B}
		{639F4D4E-31C8-4740-84D7-9DA9FFD5DF6B} = {31734DCE-9BAE-4EDC-A870-0FED74ECD71B}
		{D050EC76-EA34-4886-BAF7-270626E1D5E0} = {31734DCE-9BAE-4EDC-A870-0FED74ECD71B}
		{433627C2-6B11-4E72-946C-4E9A39BA6662} = {E871779D-D25C-4819-856E-03066907F4D8}
		{02EA681E-C7D8-13C7-8484-4AC65E1B71E8} = {E871779D-D25C-4819-856E-03066907F4D8}
		{FAE529BD-A5C0-425A-9F37-423391DDBB3D} = {E871779D-D25C-4819-856E-03066907F4D8}
		{9A64CA7B-6F82-4FB4-B230-8703B5C8DC4E} = {E871779D-D25C-4819-856E-03066907F4D8}
		{E08C67A1-7629-4382-B804-C4A9EA1F993D} = {E871779D-D25C-4819-856E-03066907F4D8}
		{26769721-E7AE-4436-AF08-1B9913BE20F8} = {E871779D-D25C-4819-856E-03066907F4D8}
		{591082AC-71EC-41F2-AECB-89B99BE9E73E} = {31734DCE-9BAE-4EDC-A870-0FED74ECD71B}
		{FAE76C55-0916-4AA1-B0A2-38E605D7C3BE} = {F7CC30BB-67D0-4AE1-A543-3AFA5FF1E374}
		{53A6F29B-F029-4F7A-AC8D-60715DF7033A} = {07FA968B-9B8D-4903-8A06-49B91DC8E297}
		{284ABD6D-9012-4D5C-B928-04E15473224F} = {E871779D-D25C-4819-856E-03066907F4D8}
		{8005C307-A92E-4FEE-9488-704A139BBFD1} = {E871779D-D25C-4819-856E-03066907F4D8}
		{165C3AF4-0626-450E-B71E-BB925AA39E1F} = {E871779D-D25C-4819-856E-03066907F4D8}
		{4CE3D950-9655-4B1D-905E-0EBC6B8E8410} = {E871779D-D25C-4819-856E-03066907F4D8}
		{F62AB2F9-E0FD-45DA-B703-B92DC3CFB82B} = {E871779D-D25C-4819-856E-03066907F4D8}
		{2C2F4369-BED3-4BE7-8C09-F8EA8DE3522C} = {E871779D-D25C-4819-856E-03066907F4D8}
		{781A4C33-7B25-431F-98B6-E6875220ED3F} = {E871779D-D25C-4819-856E-03066907F4D8}
		{06D5BCD5-7AB4-48E6-84C3-7ADCD52B6985} = {E871779D-D25C-4819-856E-03066907F4D8}
		{C1463508-B1A1-4103-A40A-ADCE1AF1D1E1} = {E871779D-D25C-4819-856E-03066907F4D8}
		{70FE5392-2C89-4D82-B65A-85BA94B26075} = {F5DCCE65-784B-4E6F-A9F7-008DDF4F814C}
		{E1BADF9E-B094-4594-8ADF-C9CFB9930D94} = {E871779D-D25C-4819-856E-03066907F4D8}
		{459D8017-A18E-42AD-BCAA-ED30ADC398D2} = {E871779D-D25C-4819-856E-03066907F4D8}
		{681E170F-BD25-41B5-AB92-3EB255CBB2F3} = {F5DCCE65-784B-4E6F-A9F7-008DDF4F814C}
		{D0CC76CA-82DF-4E41-AA33-70FCE992F00E} = {F5DCCE65-784B-4E6F-A9F7-008DDF4F814C}
		{61CD89BE-9FC3-4DF4-83C5-CE4FE266836E} = {F5DCCE65-784B-4E6F-A9F7-008DDF4F814C}
		{3C567C27-D6CD-4A4D-A737-7591A25D6DB4} = {F5DCCE65-784B-4E6F-A9F7-008DDF4F814C}
		{8FAC8B75-C666-4A9D-A370-0D9350DC7D24} = {F5DCCE65-784B-4E6F-A9F7-008DDF4F814C}
		{4C2F173B-8A35-469A-8C38-C27142FEC26A} = {F5DCCE65-784B-4E6F-A9F7-008DDF4F814C}
		{FA5A4E7C-C7F7-48EC-A567-CED55ADBD57C} = {E871779D-D25C-4819-856E-03066907F4D8}
		{398F8BFE-FC6C-4008-85A7-641FBF5F26F3} = {F5DCCE65-784B-4E6F-A9F7-008DDF4F814C}
	EndGlobalSection
	GlobalSection(ExtensibilityGlobals) = postSolution
		SolutionGuid = {2C8CDAC6-CA66-4D46-8E29-90C1701B0A1D}
	EndGlobalSection
EndGlobal
